
Microsoft Visual Studio Solution File, Format Version 12.00
# Visual Studio Version 16
VisualStudioVersion = 16.0.30611.23
MinimumVisualStudioVersion = 10.0.40219.1
Project("{9A19103F-16F7-4668-BE54-9A1E7A4F7556}") = "CloudObjects.Models", "CloudObjects.Models\CloudObjects.Models.csproj", "{8B57F8B8-3166-44A4-A4D3-B478F032DF04}"
EndProject
Project("{9A19103F-16F7-4668-BE54-9A1E7A4F7556}") = "CloudObjects.App", "CloudObjects.App\CloudObjects.App.csproj", "{D395A1B6-4ECD-44A2-9EE8-EFA7334896F9}"
EndProject
Project("{9A19103F-16F7-4668-BE54-9A1E7A4F7556}") = "Testing", "Testing\Testing.csproj", "{76E07B9B-FCA4-4AC3-AEBC-85CCE0750DEA}"
EndProject
Project("{FAE04EC0-301F-11D3-BF4B-00C04F79EFBC}") = "CloudObjects.Client", "CloudObjects.Client\CloudObjects.Client.csproj", "{42849B17-6EF8-4C19-B75F-B0AD7792E585}"
EndProject
Global
	GlobalSection(SolutionConfigurationPlatforms) = preSolution
		Debug|Any CPU = Debug|Any CPU
		Release|Any CPU = Release|Any CPU
	EndGlobalSection
	GlobalSection(ProjectConfigurationPlatforms) = postSolution
		{8B57F8B8-3166-44A4-A4D3-B478F032DF04}.Debug|Any CPU.ActiveCfg = Debug|Any CPU
		{8B57F8B8-3166-44A4-A4D3-B478F032DF04}.Debug|Any CPU.Build.0 = Debug|Any CPU
		{8B57F8B8-3166-44A4-A4D3-B478F032DF04}.Release|Any CPU.ActiveCfg = Release|Any CPU
		{8B57F8B8-3166-44A4-A4D3-B478F032DF04}.Release|Any CPU.Build.0 = Release|Any CPU
		{D395A1B6-4ECD-44A2-9EE8-EFA7334896F9}.Debug|Any CPU.ActiveCfg = Debug|Any CPU
		{D395A1B6-4ECD-44A2-9EE8-EFA7334896F9}.Debug|Any CPU.Build.0 = Debug|Any CPU
		{D395A1B6-4ECD-44A2-9EE8-EFA7334896F9}.Release|Any CPU.ActiveCfg = Release|Any CPU
		{D395A1B6-4ECD-44A2-9EE8-EFA7334896F9}.Release|Any CPU.Build.0 = Release|Any CPU
		{76E07B9B-FCA4-4AC3-AEBC-85CCE0750DEA}.Debug|Any CPU.ActiveCfg = Debug|Any CPU
		{76E07B9B-FCA4-4AC3-AEBC-85CCE0750DEA}.Debug|Any CPU.Build.0 = Debug|Any CPU
		{76E07B9B-FCA4-4AC3-AEBC-85CCE0750DEA}.Release|Any CPU.ActiveCfg = Release|Any CPU
		{76E07B9B-FCA4-4AC3-AEBC-85CCE0750DEA}.Release|Any CPU.Build.0 = Release|Any CPU
		{42849B17-6EF8-4C19-B75F-B0AD7792E585}.Debug|Any CPU.ActiveCfg = Debug|Any CPU
		{42849B17-6EF8-4C19-B75F-B0AD7792E585}.Debug|Any CPU.Build.0 = Debug|Any CPU
		{42849B17-6EF8-4C19-B75F-B0AD7792E585}.Release|Any CPU.ActiveCfg = Release|Any CPU
		{42849B17-6EF8-4C19-B75F-B0AD7792E585}.Release|Any CPU.Build.0 = Release|Any CPU
	EndGlobalSection
	GlobalSection(SolutionProperties) = preSolution
		HideSolutionNode = FALSE
	EndGlobalSection
	GlobalSection(ExtensibilityGlobals) = postSolution
		SolutionGuid = {640C2373-7E83-4CA8-970E-081C98DE09C0}
	EndGlobalSection
EndGlobal
